
Microsoft Visual Studio Solution File, Format Version 12.00
# Visual Studio Version 16
VisualStudioVersion = 16.0.29920.165
MinimumVisualStudioVersion = 10.0.40219.1
Project("{FAE04EC0-301F-11D3-BF4B-00C04F79EFBC}") = "db_test_console_app", "db_test_console_app.csproj", "{B1307739-462F-4D46-A706-4440D63324AD}"
EndProject
Global
	GlobalSection(SolutionConfigurationPlatforms) = preSolution
		Debug|Any CPU = Debug|Any CPU
		Release|Any CPU = Release|Any CPU
	EndGlobalSection
	GlobalSection(ProjectConfigurationPlatforms) = postSolution
		{B1307739-462F-4D46-A706-4440D63324AD}.Debug|Any CPU.ActiveCfg = Debug|Any CPU
		{B1307739-462F-4D46-A706-4440D63324AD}.Debug|Any CPU.Build.0 = Debug|Any CPU
		{B1307739-462F-4D46-A706-4440D63324AD}.Release|Any CPU.ActiveCfg = Release|Any CPU
		{B1307739-462F-4D46-A706-4440D63324AD}.Release|Any CPU.Build.0 = Release|Any CPU
	EndGlobalSection
	GlobalSection(SolutionProperties) = preSolution
		HideSolutionNode = FALSE
	EndGlobalSection
	GlobalSection(ExtensibilityGlobals) = postSolution
		SolutionGuid = {5988AD40-3D97-4BE8-8619-624D43A6BDA8}
	EndGlobalSection
EndGlobal
